// !$*UTF8*$!
{
	archiveVersion = 1;
	classes = {
	};
	objectVersion = 77;
	objects = {

/* Begin PBXBuildFile section */
		5EF87F012F8D0E9E002FE291 /* ProxyConfiguration.swift in Sources */ = {isa = PBXBuildFile; fileRef = 5EF87F002F8D0E9E002FE291 /* ProxyConfiguration.swift */; };
		5EF87F042F8D0ED3002FE291 /* ProxyViewModel.swift in Sources */ = {isa = PBXBuildFile; fileRef = 5EF87F022F8D0ED3002FE291 /* ProxyViewModel.swift */; };
		5EFREF012F93000100A15674 /* ProviderRefreshCoordinator.swift in Sources */ = {isa = PBXBuildFile; fileRef = 5EFREF002F93000100A15674 /* ProviderRefreshCoordinator.swift */; };
		5EFACT012F94000100A15674 /* ProviderActivationManager.swift in Sources */ = {isa = PBXBuildFile; fileRef = 5EFACT002F94000100A15674 /* ProviderActivationManager.swift */; };
		5EF87F072F8D0EED002FE291 /* ProxyConfigEditorView.swift in Sources */ = {isa = PBXBuildFile; fileRef = 5EF87F052F8D0EED002FE291 /* ProxyConfigEditorView.swift */; };
		5EF87F082F8D0EED002FE291 /* ProxyManagementView.swift in Sources */ = {isa = PBXBuildFile; fileRef = 5EF87F062F8D0EED002FE291 /* ProxyManagementView.swift */; };
		B3943D26F03B43809C53419E /* ProxyStatsView.swift in Sources */ = {isa = PBXBuildFile; fileRef = F9DC4A1479C740ED996962FC /* ProxyStatsView.swift */; };
		5EFAD7702F87AFE700A15674 /* Assets.xcassets in Resources */ = {isa = PBXBuildFile; fileRef = 5EFAD7422F87AC7100A15674 /* Assets.xcassets */; };
		5EFAD7712F87AFE700A15674 /* Preview Assets.xcassets in Resources */ = {isa = PBXBuildFile; fileRef = 5EFAD7402F87AC7100A15674 /* Preview Assets.xcassets */; };
		5EFAD7732F87AFE700A15674 /* DashboardView.swift in Sources */ = {isa = PBXBuildFile; fileRef = 5EFAD7472F87AC7100A15674 /* DashboardView.swift */; };
		5EFAD7742F87AFE700A15674 /* APIService.swift in Sources */ = {isa = PBXBuildFile; fileRef = 5EFAD7442F87AC7100A15674 /* APIService.swift */; };
		5EFAD7752F87AFE700A15674 /* ProviderCard.swift in Sources */ = {isa = PBXBuildFile; fileRef = 5EFAD7492F87AC7100A15674 /* ProviderCard.swift */; };
		5EFAD7762F87AFE700A15674 /* ProvidersView.swift in Sources */ = {isa = PBXBuildFile; fileRef = 5EFAD74A2F87AC7100A15674 /* ProvidersView.swift */; };
		5EFAD7772F87AFE700A15674 /* AppState.swift in Sources */ = {isa = PBXBuildFile; fileRef = 5EFAD73D2F87AC7100A15674 /* AppState.swift */; };
		A1ACCS022F92000000A15674 /* AccountStore.swift in Sources */ = {isa = PBXBuildFile; fileRef = A1ACCS012F92000000A15674 /* AccountStore.swift */; };
		7EFAD0022F87AC7100A15674 /* AppSettings.swift in Sources */ = {isa = PBXBuildFile; fileRef = 7EFAD0012F87AC7100A15674 /* AppSettings.swift */; };
		5EFAD7782F87AFE700A15674 /* SettingsView.swift in Sources */ = {isa = PBXBuildFile; fileRef = 5EFAD74B2F87AC7100A15674 /* SettingsView.swift */; };
		5EFAD7792F87AFE700A15674 /* ContentView.swift in Sources */ = {isa = PBXBuildFile; fileRef = 5EFAD7462F87AC7100A15674 /* ContentView.swift */; };
		5EFAD77A2F87AFE700A15674 /* AIUsageApp.swift in Sources */ = {isa = PBXBuildFile; fileRef = 5EFAD74E2F87AC7100A15674 /* AIUsageApp.swift */; };
		5EFAD77B2F87AFE700A15674 /* MenuBarView.swift in Sources */ = {isa = PBXBuildFile; fileRef = 5EFAD7482F87AC7100A15674 /* MenuBarView.swift */; };
		5EFAD77C2F87AFE700A15674 /* ProviderModels.swift in Sources */ = {isa = PBXBuildFile; fileRef = 5EFAD73E2F87AC7100A15674 /* ProviderModels.swift */; };
		5EFAD77D2F87AFE700A15674 /* ProviderDetailView.swift in Sources */ = {isa = PBXBuildFile; fileRef = 5EFAD7512F87AC7200A15674 /* ProviderDetailView.swift */; };
		5EFAD77E2F87AFE700A15674 /* ProviderIconView.swift in Sources */ = {isa = PBXBuildFile; fileRef = 5EFAD7522F87AC7200A15674 /* ProviderIconView.swift */; };
		5EFAD77F2F87AFE700A15674 /* InboxView.swift in Sources */ = {isa = PBXBuildFile; fileRef = 5EFAD7532F87AC7200A15674 /* InboxView.swift */; };
		5EFAD7802F87AFE700A15674 /* SmallProgressView.swift in Sources */ = {isa = PBXBuildFile; fileRef = 5EFAD7542F87AC7200A15674 /* SmallProgressView.swift */; };
		5EFAD7812F87AFE700A15674 /* CostTrackingView.swift in Sources */ = {isa = PBXBuildFile; fileRef = 5EFAD7552F87AC7200A15674 /* CostTrackingView.swift */; };
		5EFAD7822F87AFE700A15674 /* ProviderPickerView.swift in Sources */ = {isa = PBXBuildFile; fileRef = 5EFAD7562F87AC7200A15674 /* ProviderPickerView.swift */; };
		5EFAD7832F87AFE700A15674 /* SecureAccountVault.swift in Sources */ = {isa = PBXBuildFile; fileRef = 5EFAD7572F87AC7200A15674 /* SecureAccountVault.swift */; };
		5EFAD7842F87B00100A15674 /* WebLoginView.swift in Sources */ = {isa = PBXBuildFile; fileRef = 5EFAD7582F87B00100A15674 /* WebLoginView.swift */; };
		5EFAD7862F87B10100A15674 /* ProviderAuthManager.swift in Sources */ = {isa = PBXBuildFile; fileRef = 5EFAD7592F87B10100A15674 /* ProviderAuthManager.swift */; };
		5EFPA0122F91000100A15674 /* ProviderAuthTypes.swift in Sources */ = {isa = PBXBuildFile; fileRef = 5EFPA0112F91000100A15674 /* ProviderAuthTypes.swift */; };
		5EFPA0222F91000200A15674 /* ProviderManagedImportStore.swift in Sources */ = {isa = PBXBuildFile; fileRef = 5EFPA0212F91000200A15674 /* ProviderManagedImportStore.swift */; };
		5EFPA0322F91000300A15674 /* CLIExecutableResolver.swift in Sources */ = {isa = PBXBuildFile; fileRef = 5EFPA0312F91000300A15674 /* CLIExecutableResolver.swift */; };
		5EFPA0422F91000400A15674 /* CodexLoginCoordinator.swift in Sources */ = {isa = PBXBuildFile; fileRef = 5EFPA0412F91000400A15674 /* CodexLoginCoordinator.swift */; };
		5EFPA0522F91000500A15674 /* GeminiLoginCoordinator.swift in Sources */ = {isa = PBXBuildFile; fileRef = 5EFPA0512F91000500A15674 /* GeminiLoginCoordinator.swift */; };
		5EFPA0622F91000600A15674 /* ProviderAuthCandidateDiscovery.swift in Sources */ = {isa = PBXBuildFile; fileRef = 5EFPA0612F91000600A15674 /* ProviderAuthCandidateDiscovery.swift */; };
		5EFPA0722F91000700A15674 /* ProviderAuthParsing.swift in Sources */ = {isa = PBXBuildFile; fileRef = 5EFPA0712F91000700A15674 /* ProviderAuthParsing.swift */; };
		5EFAD7872F87B10200A15674 /* ProviderAccountEditorView.swift in Sources */ = {isa = PBXBuildFile; fileRef = 5EFAD7882F87B10200A15674 /* ProviderAccountEditorView.swift */; };
		5EFAD7892F87B10300A15674 /* ProviderAccountGroupSection.swift in Sources */ = {isa = PBXBuildFile; fileRef = 5EFAD78A2F87B10300A15674 /* ProviderAccountGroupSection.swift */; };
		5EFAD78B2F87B10400A15674 /* SavedAccountViews.swift in Sources */ = {isa = PBXBuildFile; fileRef = 5EFAD78C2F87B10400A15674 /* SavedAccountViews.swift */; };
		5EFAD78D2F87B10500A15674 /* AccountNoteEditorView.swift in Sources */ = {isa = PBXBuildFile; fileRef = 5EFAD78E2F87B10500A15674 /* AccountNoteEditorView.swift */; };
		5EFAD78F2F87B10600A15674 /* Utilities.swift in Sources */ = {isa = PBXBuildFile; fileRef = 5EFAD7902F87B10600A15674 /* Utilities.swift */; };
		A1B2C3D4E5F60001 /* QuotaBackend in Frameworks */ = {isa = PBXBuildFile; productRef = A1B2C3D4E5F60002 /* QuotaBackend */; };
		F1A2B3C4D5E60001 /* Sparkle in Frameworks */ = {isa = PBXBuildFile; productRef = F1A2B3C4D5E60002 /* Sparkle */; };
/* End PBXBuildFile section */

/* Begin PBXFileReference section */
		5EF87F002F8D0E9E002FE291 /* ProxyConfiguration.swift */ = {isa = PBXFileReference; lastKnownFileType = sourcecode.swift; path = ProxyConfiguration.swift; sourceTree = "<group>"; };
		5EF87F022F8D0ED3002FE291 /* ProxyViewModel.swift */ = {isa = PBXFileReference; lastKnownFileType = sourcecode.swift; path = ProxyViewModel.swift; sourceTree = "<group>"; };
		5EFREF002F93000100A15674 /* ProviderRefreshCoordinator.swift */ = {isa = PBXFileReference; lastKnownFileType = sourcecode.swift; path = ProviderRefreshCoordinator.swift; sourceTree = "<group>"; };
		5EFACT002F94000100A15674 /* ProviderActivationManager.swift */ = {isa = PBXFileReference; lastKnownFileType = sourcecode.swift; path = ProviderActivationManager.swift; sourceTree = "<group>"; };
		5EF87F052F8D0EED002FE291 /* ProxyConfigEditorView.swift */ = {isa = PBXFileReference; lastKnownFileType = sourcecode.swift; path = ProxyConfigEditorView.swift; sourceTree = "<group>"; };
		5EF87F062F8D0EED002FE291 /* ProxyManagementView.swift */ = {isa = PBXFileReference; lastKnownFileType = sourcecode.swift; path = ProxyManagementView.swift; sourceTree = "<group>"; };
		F9DC4A1479C740ED996962FC /* ProxyStatsView.swift */ = {isa = PBXFileReference; lastKnownFileType = sourcecode.swift; path = ProxyStatsView.swift; sourceTree = "<group>"; };
		5EFAD72F2F87AC3300A15674 /* AIUsage.app */ = {isa = PBXFileReference; explicitFileType = wrapper.application; includeInIndex = 0; path = AIUsage.app; sourceTree = BUILT_PRODUCTS_DIR; };
		5EFAD73D2F87AC7100A15674 /* AppState.swift */ = {isa = PBXFileReference; lastKnownFileType = sourcecode.swift; path = AppState.swift; sourceTree = "<group>"; };
		A1ACCS012F92000000A15674 /* AccountStore.swift */ = {isa = PBXFileReference; lastKnownFileType = sourcecode.swift; path = AccountStore.swift; sourceTree = "<group>"; };
		7EFAD0012F87AC7100A15674 /* AppSettings.swift */ = {isa = PBXFileReference; lastKnownFileType = sourcecode.swift; path = AppSettings.swift; sourceTree = "<group>"; };
		5EFAD73E2F87AC7100A15674 /* ProviderModels.swift */ = {isa = PBXFileReference; lastKnownFileType = sourcecode.swift; path = ProviderModels.swift; sourceTree = "<group>"; };
		5EFAD7402F87AC7100A15674 /* Preview Assets.xcassets */ = {isa = PBXFileReference; lastKnownFileType = folder.assetcatalog; path = "Preview Assets.xcassets"; sourceTree = "<group>"; };
		5EFAD7422F87AC7100A15674 /* Assets.xcassets */ = {isa = PBXFileReference; lastKnownFileType = folder.assetcatalog; path = Assets.xcassets; sourceTree = "<group>"; };
		5EFAD7442F87AC7100A15674 /* APIService.swift */ = {isa = PBXFileReference; lastKnownFileType = sourcecode.swift; path = APIService.swift; sourceTree = "<group>"; };
		5EFAD7462F87AC7100A15674 /* ContentView.swift */ = {isa = PBXFileReference; lastKnownFileType = sourcecode.swift; path = ContentView.swift; sourceTree = "<group>"; };
		5EFAD7472F87AC7100A15674 /* DashboardView.swift */ = {isa = PBXFileReference; lastKnownFileType = sourcecode.swift; path = DashboardView.swift; sourceTree = "<group>"; };
		5EFAD7482F87AC7100A15674 /* MenuBarView.swift */ = {isa = PBXFileReference; lastKnownFileType = sourcecode.swift; path = MenuBarView.swift; sourceTree = "<group>"; };
		5EFAD7492F87AC7100A15674 /* ProviderCard.swift */ = {isa = PBXFileReference; lastKnownFileType = sourcecode.swift; path = ProviderCard.swift; sourceTree = "<group>"; };
		5EFAD74A2F87AC7100A15674 /* ProvidersView.swift */ = {isa = PBXFileReference; lastKnownFileType = sourcecode.swift; path = ProvidersView.swift; sourceTree = "<group>"; };
		5EFAD74B2F87AC7100A15674 /* SettingsView.swift */ = {isa = PBXFileReference; lastKnownFileType = sourcecode.swift; path = SettingsView.swift; sourceTree = "<group>"; };
		5EFAD74D2F87AC7100A15674 /* AIUsage.entitlements */ = {isa = PBXFileReference; lastKnownFileType = text.plist.entitlements; path = AIUsage.entitlements; sourceTree = "<group>"; };
		5EFAD74E2F87AC7100A15674 /* AIUsageApp.swift */ = {isa = PBXFileReference; lastKnownFileType = sourcecode.swift; path = AIUsageApp.swift; sourceTree = "<group>"; };
		5EFAD74F2F87AC7100A15674 /* Info.plist */ = {isa = PBXFileReference; lastKnownFileType = text.plist.xml; path = Info.plist; sourceTree = "<group>"; };
		5EFAD7512F87AC7200A15674 /* ProviderDetailView.swift */ = {isa = PBXFileReference; lastKnownFileType = sourcecode.swift; path = ProviderDetailView.swift; sourceTree = "<group>"; };
		5EFAD7522F87AC7200A15674 /* ProviderIconView.swift */ = {isa = PBXFileReference; lastKnownFileType = sourcecode.swift; path = ProviderIconView.swift; sourceTree = "<group>"; };
		5EFAD7532F87AC7200A15674 /* InboxView.swift */ = {isa = PBXFileReference; lastKnownFileType = sourcecode.swift; path = InboxView.swift; sourceTree = "<group>"; };
		5EFAD7542F87AC7200A15674 /* SmallProgressView.swift */ = {isa = PBXFileReference; lastKnownFileType = sourcecode.swift; path = SmallProgressView.swift; sourceTree = "<group>"; };
		5EFAD7552F87AC7200A15674 /* CostTrackingView.swift */ = {isa = PBXFileReference; lastKnownFileType = sourcecode.swift; path = CostTrackingView.swift; sourceTree = "<group>"; };
		5EFAD7562F87AC7200A15674 /* ProviderPickerView.swift */ = {isa = PBXFileReference; lastKnownFileType = sourcecode.swift; path = ProviderPickerView.swift; sourceTree = "<group>"; };
		5EFAD7572F87AC7200A15674 /* SecureAccountVault.swift */ = {isa = PBXFileReference; lastKnownFileType = sourcecode.swift; path = SecureAccountVault.swift; sourceTree = "<group>"; };
		5EFAD7582F87B00100A15674 /* WebLoginView.swift */ = {isa = PBXFileReference; lastKnownFileType = sourcecode.swift; path = WebLoginView.swift; sourceTree = "<group>"; };
		5EFAD7592F87B10100A15674 /* ProviderAuthManager.swift */ = {isa = PBXFileReference; lastKnownFileType = sourcecode.swift; path = ProviderAuthManager.swift; sourceTree = "<group>"; };
		5EFPA0112F91000100A15674 /* ProviderAuthTypes.swift */ = {isa = PBXFileReference; lastKnownFileType = sourcecode.swift; path = ProviderAuthTypes.swift; sourceTree = "<group>"; };
		5EFPA0212F91000200A15674 /* ProviderManagedImportStore.swift */ = {isa = PBXFileReference; lastKnownFileType = sourcecode.swift; path = ProviderManagedImportStore.swift; sourceTree = "<group>"; };
		5EFPA0312F91000300A15674 /* CLIExecutableResolver.swift */ = {isa = PBXFileReference; lastKnownFileType = sourcecode.swift; path = CLIExecutableResolver.swift; sourceTree = "<group>"; };
		5EFPA0412F91000400A15674 /* CodexLoginCoordinator.swift */ = {isa = PBXFileReference; lastKnownFileType = sourcecode.swift; path = CodexLoginCoordinator.swift; sourceTree = "<group>"; };
		5EFPA0512F91000500A15674 /* GeminiLoginCoordinator.swift */ = {isa = PBXFileReference; lastKnownFileType = sourcecode.swift; path = GeminiLoginCoordinator.swift; sourceTree = "<group>"; };
		5EFPA0612F91000600A15674 /* ProviderAuthCandidateDiscovery.swift */ = {isa = PBXFileReference; lastKnownFileType = sourcecode.swift; path = ProviderAuthCandidateDiscovery.swift; sourceTree = "<group>"; };
		5EFPA0712F91000700A15674 /* ProviderAuthParsing.swift */ = {isa = PBXFileReference; lastKnownFileType = sourcecode.swift; path = ProviderAuthParsing.swift; sourceTree = "<group>"; };
		5EFAD7882F87B10200A15674 /* ProviderAccountEditorView.swift */ = {isa = PBXFileReference; lastKnownFileType = sourcecode.swift; path = ProviderAccountEditorView.swift; sourceTree = "<group>"; };
		5EFAD78A2F87B10300A15674 /* ProviderAccountGroupSection.swift */ = {isa = PBXFileReference; lastKnownFileType = sourcecode.swift; path = ProviderAccountGroupSection.swift; sourceTree = "<group>"; };
		5EFAD78C2F87B10400A15674 /* SavedAccountViews.swift */ = {isa = PBXFileReference; lastKnownFileType = sourcecode.swift; path = SavedAccountViews.swift; sourceTree = "<group>"; };
		5EFAD78E2F87B10500A15674 /* AccountNoteEditorView.swift */ = {isa = PBXFileReference; lastKnownFileType = sourcecode.swift; path = AccountNoteEditorView.swift; sourceTree = "<group>"; };
		5EFAD7902F87B10600A15674 /* Utilities.swift */ = {isa = PBXFileReference; lastKnownFileType = sourcecode.swift; path = Utilities.swift; sourceTree = "<group>"; };
/* End PBXFileReference section */

/* Begin PBXFrameworksBuildPhase section */
		5EFAD72C2F87AC3300A15674 /* Frameworks */ = {
			isa = PBXFrameworksBuildPhase;
			buildActionMask = 2147483647;
			files = (
				A1B2C3D4E5F60001 /* QuotaBackend in Frameworks */,
				F1A2B3C4D5E60001 /* Sparkle in Frameworks */,
			);
			runOnlyForDeploymentPostprocessing = 0;
		};
/* End PBXFrameworksBuildPhase section */

/* Begin PBXGroup section */
		5EF87F032F8D0ED3002FE291 /* ViewModels */ = {
			isa = PBXGroup;
			children = (
				5EF87F022F8D0ED3002FE291 /* ProxyViewModel.swift */,
				5EFREF002F93000100A15674 /* ProviderRefreshCoordinator.swift */,
				5EFACT002F94000100A15674 /* ProviderActivationManager.swift */,
			);
			path = ViewModels;
			sourceTree = "<group>";
		};
		5EFAD7262F87AC3300A15674 = {
			isa = PBXGroup;
			children = (
				5EFAD7502F87AC7100A15674 /* AIUsage */,
				5EFAD7302F87AC3300A15674 /* Products */,
			);
			sourceTree = "<group>";
		};
		5EFAD7302F87AC3300A15674 /* Products */ = {
			isa = PBXGroup;
			children = (
				5EFAD72F2F87AC3300A15674 /* AIUsage.app */,
			);
			name = Products;
			sourceTree = "<group>";
		};
		5EFAD73F2F87AC7100A15674 /* Models */ = {
			isa = PBXGroup;
			children = (
				5EF87F002F8D0E9E002FE291 /* ProxyConfiguration.swift */,
				7EFAD0012F87AC7100A15674 /* AppSettings.swift */,
				5EFAD73D2F87AC7100A15674 /* AppState.swift */,
				A1ACCS012F92000000A15674 /* AccountStore.swift */,
				5EFAD73E2F87AC7100A15674 /* ProviderModels.swift */,
			);
			path = Models;
			sourceTree = "<group>";
		};
		5EFAD7412F87AC7100A15674 /* Preview Content */ = {
			isa = PBXGroup;
			children = (
				5EFAD7402F87AC7100A15674 /* Preview Assets.xcassets */,
			);
			path = "Preview Content";
			sourceTree = "<group>";
		};
		5EFAD7432F87AC7100A15674 /* Resources */ = {
			isa = PBXGroup;
			children = (
				5EFAD7422F87AC7100A15674 /* Assets.xcassets */,
			);
			path = Resources;
			sourceTree = "<group>";
		};
		5EFPA0002F91000000A15674 /* ProviderAuth */ = {
			isa = PBXGroup;
			children = (
				5EFPA0112F91000100A15674 /* ProviderAuthTypes.swift */,
				5EFPA0212F91000200A15674 /* ProviderManagedImportStore.swift */,
				5EFPA0312F91000300A15674 /* CLIExecutableResolver.swift */,
				5EFPA0412F91000400A15674 /* CodexLoginCoordinator.swift */,
				5EFPA0512F91000500A15674 /* GeminiLoginCoordinator.swift */,
				5EFPA0612F91000600A15674 /* ProviderAuthCandidateDiscovery.swift */,
				5EFPA0712F91000700A15674 /* ProviderAuthParsing.swift */,
			);
			path = ProviderAuth;
			sourceTree = "<group>";
		};
		5EFAD7452F87AC7100A15674 /* Services */ = {
			isa = PBXGroup;
			children = (
				5EFAD7442F87AC7100A15674 /* APIService.swift */,
				5EFPA0002F91000000A15674 /* ProviderAuth */,
				5EFAD7592F87B10100A15674 /* ProviderAuthManager.swift */,
				5EFAD7572F87AC7200A15674 /* SecureAccountVault.swift */,
			);
			path = Services;
			sourceTree = "<group>";
		};
		5EFAD74C2F87AC7100A15674 /* Views */ = {
			isa = PBXGroup;
			children = (
				5EF87F052F8D0EED002FE291 /* ProxyConfigEditorView.swift */,
				5EF87F062F8D0EED002FE291 /* ProxyManagementView.swift */,
				F9DC4A1479C740ED996962FC /* ProxyStatsView.swift */,
				5EFAD7462F87AC7100A15674 /* ContentView.swift */,
				5EFAD7472F87AC7100A15674 /* DashboardView.swift */,
				5EFAD7482F87AC7100A15674 /* MenuBarView.swift */,
				5EFAD7492F87AC7100A15674 /* ProviderCard.swift */,
				5EFAD7512F87AC7200A15674 /* ProviderDetailView.swift */,
				5EFAD7522F87AC7200A15674 /* ProviderIconView.swift */,
				5EFAD7532F87AC7200A15674 /* InboxView.swift */,
				5EFAD7542F87AC7200A15674 /* SmallProgressView.swift */,
				5EFAD7552F87AC7200A15674 /* CostTrackingView.swift */,
				5EFAD7562F87AC7200A15674 /* ProviderPickerView.swift */,
				5EFAD74A2F87AC7100A15674 /* ProvidersView.swift */,
				5EFAD78A2F87B10300A15674 /* ProviderAccountGroupSection.swift */,
				5EFAD7882F87B10200A15674 /* ProviderAccountEditorView.swift */,
				5EFAD78C2F87B10400A15674 /* SavedAccountViews.swift */,
				5EFAD78E2F87B10500A15674 /* AccountNoteEditorView.swift */,
				5EFAD7902F87B10600A15674 /* Utilities.swift */,
				5EFAD74B2F87AC7100A15674 /* SettingsView.swift */,
				5EFAD7582F87B00100A15674 /* WebLoginView.swift */,
			);
			path = Views;
			sourceTree = "<group>";
		};
		5EFAD7502F87AC7100A15674 /* AIUsage */ = {
			isa = PBXGroup;
			children = (
				5EF87F032F8D0ED3002FE291 /* ViewModels */,
				5EFAD73F2F87AC7100A15674 /* Models */,
				5EFAD7412F87AC7100A15674 /* Preview Content */,
				5EFAD7432F87AC7100A15674 /* Resources */,
				5EFAD7452F87AC7100A15674 /* Services */,
				5EFAD74C2F87AC7100A15674 /* Views */,
				5EFAD74D2F87AC7100A15674 /* AIUsage.entitlements */,
				5EFAD74E2F87AC7100A15674 /* AIUsageApp.swift */,
				5EFAD74F2F87AC7100A15674 /* Info.plist */,
			);
			path = AIUsage;
			sourceTree = "<group>";
		};
/* End PBXGroup section */

/* Begin PBXNativeTarget section */
		5EFAD72E2F87AC3300A15674 /* AIUsage */ = {
			isa = PBXNativeTarget;
			buildConfigurationList = 5EFAD73A2F87AC3400A15674 /* Build configuration list for PBXNativeTarget "AIUsage" */;
			buildPhases = (
				5EFAD72B2F87AC3300A15674 /* Sources */,
				5EFAD72C2F87AC3300A15674 /* Frameworks */,
				5EFAD72D2F87AC3300A15674 /* Resources */,
			);
			buildRules = (
			);
			dependencies = (
			);
			name = AIUsage;
			packageProductDependencies = (
				A1B2C3D4E5F60002 /* QuotaBackend */,
				F1A2B3C4D5E60002 /* Sparkle */,
			);
			productName = AIUsage;
			productReference = 5EFAD72F2F87AC3300A15674 /* AIUsage.app */;
			productType = "com.apple.product-type.application";
		};
/* End PBXNativeTarget section */

/* Begin PBXProject section */
		5EFAD7272F87AC3300A15674 /* Project object */ = {
			isa = PBXProject;
			attributes = {
				BuildIndependentTargetsInParallel = 1;
				LastSwiftUpdateCheck = 2640;
				LastUpgradeCheck = 2640;
				TargetAttributes = {
					5EFAD72E2F87AC3300A15674 = {
						CreatedOnToolsVersion = 26.4;
					};
				};
			};
			buildConfigurationList = 5EFAD72A2F87AC3300A15674 /* Build configuration list for PBXProject "AIUsage" */;
			developmentRegion = en;
			hasScannedForEncodings = 0;
			knownRegions = (
				en,
				Base,
				"zh-Hans",
				zh_CN,
			);
			mainGroup = 5EFAD7262F87AC3300A15674;
			minimizedProjectReferenceProxies = 1;
			packageReferences = (
				A1B2C3D4E5F60003 /* XCLocalSwiftPackageReference "QuotaBackend" */,
				F1A2B3C4D5E60003 /* XCRemoteSwiftPackageReference "Sparkle" */,
			);
			preferredProjectObjectVersion = 77;
			productRefGroup = 5EFAD7302F87AC3300A15674 /* Products */;
			projectDirPath = "";
			projectRoot = "";
			targets = (
				5EFAD72E2F87AC3300A15674 /* AIUsage */,
			);
		};
/* End PBXProject section */

/* Begin PBXResourcesBuildPhase section */
		5EFAD72D2F87AC3300A15674 /* Resources */ = {
			isa = PBXResourcesBuildPhase;
			buildActionMask = 2147483647;
			files = (
				5EFAD7702F87AFE700A15674 /* Assets.xcassets in Resources */,
				5EFAD7712F87AFE700A15674 /* Preview Assets.xcassets in Resources */,
			);
			runOnlyForDeploymentPostprocessing = 0;
		};
/* End PBXResourcesBuildPhase section */

/* Begin PBXSourcesBuildPhase section */
		5EFAD72B2F87AC3300A15674 /* Sources */ = {
			isa = PBXSourcesBuildPhase;
			buildActionMask = 2147483647;
			files = (
				5EFAD7732F87AFE700A15674 /* DashboardView.swift in Sources */,
				5EFAD7742F87AFE700A15674 /* APIService.swift in Sources */,
				5EFAD7752F87AFE700A15674 /* ProviderCard.swift in Sources */,
				5EFAD7762F87AFE700A15674 /* ProvidersView.swift in Sources */,
				7EFAD0022F87AC7100A15674 /* AppSettings.swift in Sources */,
				5EFAD7772F87AFE700A15674 /* AppState.swift in Sources */,
				A1ACCS022F92000000A15674 /* AccountStore.swift in Sources */,
				5EFAD7782F87AFE700A15674 /* SettingsView.swift in Sources */,
				5EFAD7792F87AFE700A15674 /* ContentView.swift in Sources */,
				5EFAD77A2F87AFE700A15674 /* AIUsageApp.swift in Sources */,
				5EFAD77B2F87AFE700A15674 /* MenuBarView.swift in Sources */,
				5EF87F012F8D0E9E002FE291 /* ProxyConfiguration.swift in Sources */,
				5EFAD77C2F87AFE700A15674 /* ProviderModels.swift in Sources */,
				5EFAD77D2F87AFE700A15674 /* ProviderDetailView.swift in Sources */,
				5EFAD77E2F87AFE700A15674 /* ProviderIconView.swift in Sources */,
				5EFAD77F2F87AFE700A15674 /* InboxView.swift in Sources */,
				5EFAD7802F87AFE700A15674 /* SmallProgressView.swift in Sources */,
				5EFAD7812F87AFE700A15674 /* CostTrackingView.swift in Sources */,
				5EFAD7822F87AFE700A15674 /* ProviderPickerView.swift in Sources */,
				5EFAD7832F87AFE700A15674 /* SecureAccountVault.swift in Sources */,
				5EF87F072F8D0EED002FE291 /* ProxyConfigEditorView.swift in Sources */,
				5EF87F082F8D0EED002FE291 /* ProxyManagementView.swift in Sources */,
				B3943D26F03B43809C53419E /* ProxyStatsView.swift in Sources */,
				5EFAD7842F87B00100A15674 /* WebLoginView.swift in Sources */,
				5EFPA0122F91000100A15674 /* ProviderAuthTypes.swift in Sources */,
				5EFPA0222F91000200A15674 /* ProviderManagedImportStore.swift in Sources */,
				5EFPA0322F91000300A15674 /* CLIExecutableResolver.swift in Sources */,
				5EFPA0422F91000400A15674 /* CodexLoginCoordinator.swift in Sources */,
				5EFPA0522F91000500A15674 /* GeminiLoginCoordinator.swift in Sources */,
				5EFPA0622F91000600A15674 /* ProviderAuthCandidateDiscovery.swift in Sources */,
				5EFPA0722F91000700A15674 /* ProviderAuthParsing.swift in Sources */,
				5EFAD7862F87B10100A15674 /* ProviderAuthManager.swift in Sources */,
				5EFAD7872F87B10200A15674 /* ProviderAccountEditorView.swift in Sources */,
				5EFAD7892F87B10300A15674 /* ProviderAccountGroupSection.swift in Sources */,
				5EFAD78B2F87B10400A15674 /* SavedAccountViews.swift in Sources */,
				5EFAD78D2F87B10500A15674 /* AccountNoteEditorView.swift in Sources */,
				5EFAD78F2F87B10600A15674 /* Utilities.swift in Sources */,
				5EF87F042F8D0ED3002FE291 /* ProxyViewModel.swift in Sources */,
				5EFREF012F93000100A15674 /* ProviderRefreshCoordinator.swift in Sources */,
				5EFACT012F94000100A15674 /* ProviderActivationManager.swift in Sources */,
			);
			runOnlyForDeploymentPostprocessing = 0;
		};
/* End PBXSourcesBuildPhase section */

/* Begin XCBuildConfiguration section */
		5EFAD7382F87AC3400A15674 /* Debug */ = {
			isa = XCBuildConfiguration;
			buildSettings = {
				ALWAYS_SEARCH_USER_PATHS = NO;
				ASSETCATALOG_COMPILER_GENERATE_SWIFT_ASSET_SYMBOL_EXTENSIONS = YES;
				CLANG_ANALYZER_NONNULL = YES;
				CLANG_ANALYZER_NUMBER_OBJECT_CONVERSION = YES_AGGRESSIVE;
				CLANG_CXX_LANGUAGE_STANDARD = "gnu++20";
				CLANG_ENABLE_MODULES = YES;
				CLANG_ENABLE_OBJC_ARC = YES;
				CLANG_ENABLE_OBJC_WEAK = YES;
				CLANG_WARN_BLOCK_CAPTURE_AUTORELEASING = YES;
				CLANG_WARN_BOOL_CONVERSION = YES;
				CLANG_WARN_COMMA = YES;
				CLANG_WARN_CONSTANT_CONVERSION = YES;
				CLANG_WARN_DEPRECATED_OBJC_IMPLEMENTATIONS = YES;
				CLANG_WARN_DIRECT_OBJC_ISA_USAGE = YES_ERROR;
				CLANG_WARN_DOCUMENTATION_COMMENTS = YES;
				CLANG_WARN_EMPTY_BODY = YES;
				CLANG_WARN_ENUM_CONVERSION = YES;
				CLANG_WARN_INFINITE_RECURSION = YES;
				CLANG_WARN_INT_CONVERSION = YES;
				CLANG_WARN_NON_LITERAL_NULL_CONVERSION = YES;
				CLANG_WARN_OBJC_IMPLICIT_RETAIN_SELF = YES;
				CLANG_WARN_OBJC_LITERAL_CONVERSION = YES;
				CLANG_WARN_OBJC_ROOT_CLASS = YES_ERROR;
				CLANG_WARN_QUOTED_INCLUDE_IN_FRAMEWORK_HEADER = YES;
				CLANG_WARN_RANGE_LOOP_ANALYSIS = YES;
				CLANG_WARN_STRICT_PROTOTYPES = YES;
				CLANG_WARN_SUSPICIOUS_MOVE = YES;
				CLANG_WARN_UNGUARDED_AVAILABILITY = YES_AGGRESSIVE;
				CLANG_WARN_UNREACHABLE_CODE = YES;
				CLANG_WARN__DUPLICATE_METHOD_MATCH = YES;
				COPY_PHASE_STRIP = NO;
				DEBUG_INFORMATION_FORMAT = dwarf;
				ENABLE_STRICT_OBJC_MSGSEND = YES;
				ENABLE_TESTABILITY = YES;
				ENABLE_USER_SCRIPT_SANDBOXING = YES;
				GCC_C_LANGUAGE_STANDARD = gnu17;
				GCC_DYNAMIC_NO_PIC = NO;
				GCC_NO_COMMON_BLOCKS = YES;
				GCC_OPTIMIZATION_LEVEL = 0;
				GCC_PREPROCESSOR_DEFINITIONS = (
					"DEBUG=1",
					"$(inherited)",
				);
				GCC_WARN_64_TO_32_BIT_CONVERSION = YES;
				GCC_WARN_ABOUT_RETURN_TYPE = YES_ERROR;
				GCC_WARN_UNDECLARED_SELECTOR = YES;
				GCC_WARN_UNINITIALIZED_AUTOS = YES_AGGRESSIVE;
				GCC_WARN_UNUSED_FUNCTION = YES;
				GCC_WARN_UNUSED_VARIABLE = YES;
				LOCALIZATION_PREFERS_STRING_CATALOGS = YES;
				MACOSX_DEPLOYMENT_TARGET = 14.0;
				MTL_ENABLE_DEBUG_INFO = INCLUDE_SOURCE;
				MTL_FAST_MATH = YES;
				ONLY_ACTIVE_ARCH = YES;
				SDKROOT = macosx;
				SWIFT_ACTIVE_COMPILATION_CONDITIONS = "DEBUG $(inherited)";
				SWIFT_OPTIMIZATION_LEVEL = "-Onone";
			};
			name = Debug;
		};
		5EFAD7392F87AC3400A15674 /* Release */ = {
			isa = XCBuildConfiguration;
			buildSettings = {
				ALWAYS_SEARCH_USER_PATHS = NO;
				ASSETCATALOG_COMPILER_GENERATE_SWIFT_ASSET_SYMBOL_EXTENSIONS = YES;
				CLANG_ANALYZER_NONNULL = YES;
				CLANG_ANALYZER_NUMBER_OBJECT_CONVERSION = YES_AGGRESSIVE;
				CLANG_CXX_LANGUAGE_STANDARD = "gnu++20";
				CLANG_ENABLE_MODULES = YES;
				CLANG_ENABLE_OBJC_ARC = YES;
				CLANG_ENABLE_OBJC_WEAK = YES;
				CLANG_WARN_BLOCK_CAPTURE_AUTORELEASING = YES;
				CLANG_WARN_BOOL_CONVERSION = YES;
				CLANG_WARN_COMMA = YES;
				CLANG_WARN_CONSTANT_CONVERSION = YES;
				CLANG_WARN_DEPRECATED_OBJC_IMPLEMENTATIONS = YES;
				CLANG_WARN_DIRECT_OBJC_ISA_USAGE = YES_ERROR;
				CLANG_WARN_DOCUMENTATION_COMMENTS = YES;
				CLANG_WARN_EMPTY_BODY = YES;
				CLANG_WARN_ENUM_CONVERSION = YES;
				CLANG_WARN_INFINITE_RECURSION = YES;
				CLANG_WARN_INT_CONVERSION = YES;
				CLANG_WARN_NON_LITERAL_NULL_CONVERSION = YES;
				CLANG_WARN_OBJC_IMPLICIT_RETAIN_SELF = YES;
				CLANG_WARN_OBJC_LITERAL_CONVERSION = YES;
				CLANG_WARN_OBJC_ROOT_CLASS = YES_ERROR;
				CLANG_WARN_QUOTED_INCLUDE_IN_FRAMEWORK_HEADER = YES;
				CLANG_WARN_RANGE_LOOP_ANALYSIS = YES;
				CLANG_WARN_STRICT_PROTOTYPES = YES;
				CLANG_WARN_SUSPICIOUS_MOVE = YES;
				CLANG_WARN_UNGUARDED_AVAILABILITY = YES_AGGRESSIVE;
				CLANG_WARN_UNREACHABLE_CODE = YES;
				CLANG_WARN__DUPLICATE_METHOD_MATCH = YES;
				COPY_PHASE_STRIP = NO;
				DEBUG_INFORMATION_FORMAT = "dwarf-with-dsym";
				ENABLE_NS_ASSERTIONS = NO;
				ENABLE_STRICT_OBJC_MSGSEND = YES;
				ENABLE_USER_SCRIPT_SANDBOXING = YES;
				GCC_C_LANGUAGE_STANDARD = gnu17;
				GCC_NO_COMMON_BLOCKS = YES;
				GCC_WARN_64_TO_32_BIT_CONVERSION = YES;
				GCC_WARN_ABOUT_RETURN_TYPE = YES_ERROR;
				GCC_WARN_UNDECLARED_SELECTOR = YES;
				GCC_WARN_UNINITIALIZED_AUTOS = YES_AGGRESSIVE;
				GCC_WARN_UNUSED_FUNCTION = YES;
				GCC_WARN_UNUSED_VARIABLE = YES;
				LOCALIZATION_PREFERS_STRING_CATALOGS = YES;
				MACOSX_DEPLOYMENT_TARGET = 14.0;
				MTL_ENABLE_DEBUG_INFO = NO;
				MTL_FAST_MATH = YES;
				SDKROOT = macosx;
				SWIFT_COMPILATION_MODE = wholemodule;
			};
			name = Release;
		};
		5EFAD73B2F87AC3400A15674 /* Debug */ = {
			isa = XCBuildConfiguration;
			buildSettings = {
				ASSETCATALOG_COMPILER_APPICON_NAME = AppIcon;
				ASSETCATALOG_COMPILER_GLOBAL_ACCENT_COLOR_NAME = AccentColor;
				CODE_SIGN_STYLE = Automatic;
				COMBINE_HIDPI_IMAGES = YES;
				CURRENT_PROJECT_VERSION = "$(MARKETING_VERSION)";
				ENABLE_APP_SANDBOX = NO;
				ENABLE_PREVIEWS = YES;
				ENABLE_USER_SELECTED_FILES = readonly;
				GENERATE_INFOPLIST_FILE = YES;
				INFOPLIST_FILE = AIUsage/Info.plist;
				INFOPLIST_KEY_NSHumanReadableCopyright = "";
				LD_RUNPATH_SEARCH_PATHS = (
					"$(inherited)",
					"@executable_path/../Frameworks",
				);
				MARKETING_VERSION = 0.3.2;
				PRODUCT_BUNDLE_IDENTIFIER = com.aiusage.desktop;
				PRODUCT_NAME = "$(TARGET_NAME)";
				REGISTER_APP_GROUPS = YES;
				STRING_CATALOG_GENERATE_SYMBOLS = YES;
				SWIFT_APPROACHABLE_CONCURRENCY = YES;
				SWIFT_DEFAULT_ACTOR_ISOLATION = MainActor;
				SWIFT_EMIT_LOC_STRINGS = YES;
				SWIFT_UPCOMING_FEATURE_MEMBER_IMPORT_VISIBILITY = YES;
				SWIFT_VERSION = 5.0;
			};
			name = Debug;
		};
		5EFAD73C2F87AC3400A15674 /* Release */ = {
			isa = XCBuildConfiguration;
			buildSettings = {
				ASSETCATALOG_COMPILER_APPICON_NAME = AppIcon;
				ASSETCATALOG_COMPILER_GLOBAL_ACCENT_COLOR_NAME = AccentColor;
				CODE_SIGN_STYLE = Automatic;
				COMBINE_HIDPI_IMAGES = YES;
				CURRENT_PROJECT_VERSION = "$(MARKETING_VERSION)";
				ENABLE_APP_SANDBOX = NO;
				ENABLE_PREVIEWS = YES;
				ENABLE_USER_SELECTED_FILES = readonly;
				GENERATE_INFOPLIST_FILE = YES;
				INFOPLIST_FILE = AIUsage/Info.plist;
				INFOPLIST_KEY_NSHumanReadableCopyright = "";
				LD_RUNPATH_SEARCH_PATHS = (
					"$(inherited)",
					"@executable_path/../Frameworks",
				);
				MARKETING_VERSION = 0.3.2;
				PRODUCT_BUNDLE_IDENTIFIER = com.aiusage.desktop;
				PRODUCT_NAME = "$(TARGET_NAME)";
				REGISTER_APP_GROUPS = YES;
				STRING_CATALOG_GENERATE_SYMBOLS = YES;
				SWIFT_APPROACHABLE_CONCURRENCY = YES;
				SWIFT_DEFAULT_ACTOR_ISOLATION = MainActor;
				SWIFT_EMIT_LOC_STRINGS = YES;
				SWIFT_UPCOMING_FEATURE_MEMBER_IMPORT_VISIBILITY = YES;
				SWIFT_VERSION = 5.0;
			};
			name = Release;
		};
/* End XCBuildConfiguration section */

/* Begin XCConfigurationList section */
		5EFAD72A2F87AC3300A15674 /* Build configuration list for PBXProject "AIUsage" */ = {
			isa = XCConfigurationList;
			buildConfigurations = (
				5EFAD7382F87AC3400A15674 /* Debug */,
				5EFAD7392F87AC3400A15674 /* Release */,
			);
			defaultConfigurationIsVisible = 0;
			defaultConfigurationName = Release;
		};
		5EFAD73A2F87AC3400A15674 /* Build configuration list for PBXNativeTarget "AIUsage" */ = {
			isa = XCConfigurationList;
			buildConfigurations = (
				5EFAD73B2F87AC3400A15674 /* Debug */,
				5EFAD73C2F87AC3400A15674 /* Release */,
			);
			defaultConfigurationIsVisible = 0;
			defaultConfigurationName = Release;
		};
/* End XCConfigurationList section */

/* Begin XCLocalSwiftPackageReference section */
		A1B2C3D4E5F60003 /* XCLocalSwiftPackageReference "QuotaBackend" */ = {
			isa = XCLocalSwiftPackageReference;
			relativePath = QuotaBackend;
		};
/* End XCLocalSwiftPackageReference section */

/* Begin XCRemoteSwiftPackageReference section */
		F1A2B3C4D5E60003 /* XCRemoteSwiftPackageReference "Sparkle" */ = {
			isa = XCRemoteSwiftPackageReference;
			repositoryURL = "https://github.com/sparkle-project/Sparkle";
			requirement = {
				kind = upToNextMajorVersion;
				minimumVersion = 2.6.0;
			};
		};
/* End XCRemoteSwiftPackageReference section */

/* Begin XCSwiftPackageProductDependency section */
		A1B2C3D4E5F60002 /* QuotaBackend */ = {
			isa = XCSwiftPackageProductDependency;
			package = A1B2C3D4E5F60003 /* XCLocalSwiftPackageReference "QuotaBackend" */;
			productName = QuotaBackend;
		};
		F1A2B3C4D5E60002 /* Sparkle */ = {
			isa = XCSwiftPackageProductDependency;
			package = F1A2B3C4D5E60003 /* XCRemoteSwiftPackageReference "Sparkle" */;
			productName = Sparkle;
		};
/* End XCSwiftPackageProductDependency section */
	};
	rootObject = 5EFAD7272F87AC3300A15674 /* Project object */;
}
